
Microsoft Visual Studio Solution File, Format Version 12.00
# Visual Studio 14
VisualStudioVersion = 14.0.25420.1
MinimumVisualStudioVersion = 10.0.40219.1
Project("{FAE04EC0-301F-11D3-BF4B-00C04F79EFBC}") = "ExampleApp.Droid", "ExampleApp\ExampleApp.Droid\ExampleApp.Droid.csproj", "{3607D6B8-DF91-404C-92AB-801CF4223ECA}"
EndProject
Project("{FAE04EC0-301F-11D3-BF4B-00C04F79EFBC}") = "ExampleApp.iOS", "ExampleApp\ExampleApp.iOS\ExampleApp.iOS.csproj", "{56DD7A97-281A-4D67-B3CE-885A978C3A4E}"
EndProject
Project("{FAE04EC0-301F-11D3-BF4B-00C04F79EFBC}") = "ExampleApp.WinPhone", "ExampleApp\ExampleApp.WinPhone\ExampleApp.WinPhone.csproj", "{C6F1DA05-9FB5-4FD0-B64B-40E064F98D82}"
EndProject
Project("{FAE04EC0-301F-11D3-BF4B-00C04F79EFBC}") = "ExampleApp.UWP", "ExampleApp\ExampleApp.UWP\ExampleApp.UWP.csproj", "{F30ACE9B-37A8-4347-BD55-7F205AFD5C9F}"
EndProject
Project("{FAE04EC0-301F-11D3-BF4B-00C04F79EFBC}") = "ExampleApp.Windows", "ExampleApp\ExampleApp.Windows\ExampleApp.Windows.csproj", "{4354FCC7-F745-4A6F-97F1-C7F90E84B43B}"
EndProject
Project("{FAE04EC0-301F-11D3-BF4B-00C04F79EFBC}") = "ExampleApp", "ExampleApp\ExampleApp\ExampleApp.csproj", "{23C9A32B-A6AF-46BA-AA50-A455F02E8A4B}"
EndProject
Global
	GlobalSection(SolutionConfigurationPlatforms) = preSolution
		Ad-Hoc|Any CPU = Ad-Hoc|Any CPU
		Ad-Hoc|ARM = Ad-Hoc|ARM
		Ad-Hoc|iPhone = Ad-Hoc|iPhone
		Ad-Hoc|iPhoneSimulator = Ad-Hoc|iPhoneSimulator
		Ad-Hoc|x64 = Ad-Hoc|x64
		Ad-Hoc|x86 = Ad-Hoc|x86
		AppStore|Any CPU = AppStore|Any CPU
		AppStore|ARM = AppStore|ARM
		AppStore|iPhone = AppStore|iPhone
		AppStore|iPhoneSimulator = AppStore|iPhoneSimulator
		AppStore|x64 = AppStore|x64
		AppStore|x86 = AppStore|x86
		Debug|Any CPU = Debug|Any CPU
		Debug|ARM = Debug|ARM
		Debug|iPhone = Debug|iPhone
		Debug|iPhoneSimulator = Debug|iPhoneSimulator
		Debug|x64 = Debug|x64
		Debug|x86 = Debug|x86
		Release|Any CPU = Release|Any CPU
		Release|ARM = Release|ARM
		Release|iPhone = Release|iPhone
		Release|iPhoneSimulator = Release|iPhoneSimulator
		Release|x64 = Release|x64
		Release|x86 = Release|x86
	EndGlobalSection
	GlobalSection(ProjectConfigurationPlatforms) = postSolution
		{3607D6B8-DF91-404C-92AB-801CF4223ECA}.Ad-Hoc|Any CPU.ActiveCfg = Release|Any CPU
		{3607D6B8-DF91-404C-92AB-801CF4223ECA}.Ad-Hoc|Any CPU.Build.0 = Release|Any CPU
		{3607D6B8-DF91-404C-92AB-801CF4223ECA}.Ad-Hoc|Any CPU.Deploy.0 = Release|Any CPU
		{3607D6B8-DF91-404C-92AB-801CF4223ECA}.Ad-Hoc|ARM.ActiveCfg = Release|Any CPU
		{3607D6B8-DF91-404C-92AB-801CF4223ECA}.Ad-Hoc|ARM.Build.0 = Release|Any CPU
		{3607D6B8-DF91-404C-92AB-801CF4223ECA}.Ad-Hoc|ARM.Deploy.0 = Release|Any CPU
		{3607D6B8-DF91-404C-92AB-801CF4223ECA}.Ad-Hoc|iPhone.ActiveCfg = Release|Any CPU
		{3607D6B8-DF91-404C-92AB-801CF4223ECA}.Ad-Hoc|iPhone.Build.0 = Release|Any CPU
		{3607D6B8-DF91-404C-92AB-801CF4223ECA}.Ad-Hoc|iPhone.Deploy.0 = Release|Any CPU
		{3607D6B8-DF91-404C-92AB-801CF4223ECA}.Ad-Hoc|iPhoneSimulator.ActiveCfg = Release|Any CPU
		{3607D6B8-DF91-404C-92AB-801CF4223ECA}.Ad-Hoc|iPhoneSimulator.Build.0 = Release|Any CPU
		{3607D6B8-DF91-404C-92AB-801CF4223ECA}.Ad-Hoc|iPhoneSimulator.Deploy.0 = Release|Any CPU
		{3607D6B8-DF91-404C-92AB-801CF4223ECA}.Ad-Hoc|x64.ActiveCfg = Release|Any CPU
		{3607D6B8-DF91-404C-92AB-801CF4223ECA}.Ad-Hoc|x64.Build.0 = Release|Any CPU
		{3607D6B8-DF91-404C-92AB-801CF4223ECA}.Ad-Hoc|x64.Deploy.0 = Release|Any CPU
		{3607D6B8-DF91-404C-92AB-801CF4223ECA}.Ad-Hoc|x86.ActiveCfg = Release|Any CPU
		{3607D6B8-DF91-404C-92AB-801CF4223ECA}.Ad-Hoc|x86.Build.0 = Release|Any CPU
		{3607D6B8-DF91-404C-92AB-801CF4223ECA}.Ad-Hoc|x86.Deploy.0 = Release|Any CPU
		{3607D6B8-DF91-404C-92AB-801CF4223ECA}.AppStore|Any CPU.ActiveCfg = Release|Any CPU
		{3607D6B8-DF91-404C-92AB-801CF4223ECA}.AppStore|Any CPU.Build.0 = Release|Any CPU
		{3607D6B8-DF91-404C-92AB-801CF4223ECA}.AppStore|Any CPU.Deploy.0 = Release|Any CPU
		{3607D6B8-DF91-404C-92AB-801CF4223ECA}.AppStore|ARM.ActiveCfg = Release|Any CPU
		{3607D6B8-DF91-404C-92AB-801CF4223ECA}.AppStore|ARM.Build.0 = Release|Any CPU
		{3607D6B8-DF91-404C-92AB-801CF4223ECA}.AppStore|ARM.Deploy.0 = Release|Any CPU
		{3607D6B8-DF91-404C-92AB-801CF4223ECA}.AppStore|iPhone.ActiveCfg = Release|Any CPU
		{3607D6B8-DF91-404C-92AB-801CF4223ECA}.AppStore|iPhone.Build.0 = Release|Any CPU
		{3607D6B8-DF91-404C-92AB-801CF4223ECA}.AppStore|iPhone.Deploy.0 = Release|Any CPU
		{3607D6B8-DF91-404C-92AB-801CF4223ECA}.AppStore|iPhoneSimulator.ActiveCfg = Release|Any CPU
		{3607D6B8-DF91-404C-92AB-801CF4223ECA}.AppStore|iPhoneSimulator.Build.0 = Release|Any CPU
		{3607D6B8-DF91-404C-92AB-801CF4223ECA}.AppStore|iPhoneSimulator.Deploy.0 = Release|Any CPU
		{3607D6B8-DF91-404C-92AB-801CF4223ECA}.AppStore|x64.ActiveCfg = Release|Any CPU
		{3607D6B8-DF91-404C-92AB-801CF4223ECA}.AppStore|x64.Build.0 = Release|Any CPU
		{3607D6B8-DF91-404C-92AB-801CF4223ECA}.AppStore|x64.Deploy.0 = Release|Any CPU
		{3607D6B8-DF91-404C-92AB-801CF4223ECA}.AppStore|x86.ActiveCfg = Release|Any CPU
		{3607D6B8-DF91-404C-92AB-801CF4223ECA}.AppStore|x86.Build.0 = Release|Any CPU
		{3607D6B8-DF91-404C-92AB-801CF4223ECA}.AppStore|x86.Deploy.0 = Release|Any CPU
		{3607D6B8-DF91-404C-92AB-801CF4223ECA}.Debug|Any CPU.ActiveCfg = Debug|Any CPU
		{3607D6B8-DF91-404C-92AB-801CF4223ECA}.Debug|Any CPU.Build.0 = Debug|Any CPU
		{3607D6B8-DF91-404C-92AB-801CF4223ECA}.Debug|Any CPU.Deploy.0 = Debug|Any CPU
		{3607D6B8-DF91-404C-92AB-801CF4223ECA}.Debug|ARM.ActiveCfg = Debug|Any CPU
		{3607D6B8-DF91-404C-92AB-801CF4223ECA}.Debug|ARM.Build.0 = Debug|Any CPU
		{3607D6B8-DF91-404C-92AB-801CF4223ECA}.Debug|ARM.Deploy.0 = Debug|Any CPU
		{3607D6B8-DF91-404C-92AB-801CF4223ECA}.Debug|iPhone.ActiveCfg = Debug|Any CPU
		{3607D6B8-DF91-404C-92AB-801CF4223ECA}.Debug|iPhone.Build.0 = Debug|Any CPU
		{3607D6B8-DF91-404C-92AB-801CF4223ECA}.Debug|iPhone.Deploy.0 = Debug|Any CPU
		{3607D6B8-DF91-404C-92AB-801CF4223ECA}.Debug|iPhoneSimulator.ActiveCfg = Debug|Any CPU
		{3607D6B8-DF91-404C-92AB-801CF4223ECA}.Debug|iPhoneSimulator.Build.0 = Debug|Any CPU
		{3607D6B8-DF91-404C-92AB-801CF4223ECA}.Debug|iPhoneSimulator.Deploy.0 = Debug|Any CPU
		{3607D6B8-DF91-404C-92AB-801CF4223ECA}.Debug|x64.ActiveCfg = Debug|Any CPU
		{3607D6B8-DF91-404C-92AB-801CF4223ECA}.Debug|x64.Build.0 = Debug|Any CPU
		{3607D6B8-DF91-404C-92AB-801CF4223ECA}.Debug|x64.Deploy.0 = Debug|Any CPU
		{3607D6B8-DF91-404C-92AB-801CF4223ECA}.Debug|x86.ActiveCfg = Debug|Any CPU
		{3607D6B8-DF91-404C-92AB-801CF4223ECA}.Debug|x86.Build.0 = Debug|Any CPU
		{3607D6B8-DF91-404C-92AB-801CF4223ECA}.Debug|x86.Deploy.0 = Debug|Any CPU
		{3607D6B8-DF91-404C-92AB-801CF4223ECA}.Release|Any CPU.ActiveCfg = Release|Any CPU
		{3607D6B8-DF91-404C-92AB-801CF4223ECA}.Release|Any CPU.Build.0 = Release|Any CPU
		{3607D6B8-DF91-404C-92AB-801CF4223ECA}.Release|Any CPU.Deploy.0 = Release|Any CPU
		{3607D6B8-DF91-404C-92AB-801CF4223ECA}.Release|ARM.ActiveCfg = Release|Any CPU
		{3607D6B8-DF91-404C-92AB-801CF4223ECA}.Release|ARM.Build.0 = Release|Any CPU
		{3607D6B8-DF91-404C-92AB-801CF4223ECA}.Release|ARM.Deploy.0 = Release|Any CPU
		{3607D6B8-DF91-404C-92AB-801CF4223ECA}.Release|iPhone.ActiveCfg = Release|Any CPU
		{3607D6B8-DF91-404C-92AB-801CF4223ECA}.Release|iPhone.Build.0 = Release|Any CPU
		{3607D6B8-DF91-404C-92AB-801CF4223ECA}.Release|iPhone.Deploy.0 = Release|Any CPU
		{3607D6B8-DF91-404C-92AB-801CF4223ECA}.Release|iPhoneSimulator.ActiveCfg = Release|Any CPU
		{3607D6B8-DF91-404C-92AB-801CF4223ECA}.Release|iPhoneSimulator.Build.0 = Release|Any CPU
		{3607D6B8-DF91-404C-92AB-801CF4223ECA}.Release|iPhoneSimulator.Deploy.0 = Release|Any CPU
		{3607D6B8-DF91-404C-92AB-801CF4223ECA}.Release|x64.ActiveCfg = Release|Any CPU
		{3607D6B8-DF91-404C-92AB-801CF4223ECA}.Release|x64.Build.0 = Release|Any CPU
		{3607D6B8-DF91-404C-92AB-801CF4223ECA}.Release|x64.Deploy.0 = Release|Any CPU
		{3607D6B8-DF91-404C-92AB-801CF4223ECA}.Release|x86.ActiveCfg = Release|Any CPU
		{3607D6B8-DF91-404C-92AB-801CF4223ECA}.Release|x86.Build.0 = Release|Any CPU
		{3607D6B8-DF91-404C-92AB-801CF4223ECA}.Release|x86.Deploy.0 = Release|Any CPU
		{56DD7A97-281A-4D67-B3CE-885A978C3A4E}.Ad-Hoc|Any CPU.ActiveCfg = Ad-Hoc|iPhone
		{56DD7A97-281A-4D67-B3CE-885A978C3A4E}.Ad-Hoc|ARM.ActiveCfg = Ad-Hoc|iPhone
		{56DD7A97-281A-4D67-B3CE-885A978C3A4E}.Ad-Hoc|iPhone.ActiveCfg = Ad-Hoc|iPhone
		{56DD7A97-281A-4D67-B3CE-885A978C3A4E}.Ad-Hoc|iPhone.Build.0 = Ad-Hoc|iPhone
		{56DD7A97-281A-4D67-B3CE-885A978C3A4E}.Ad-Hoc|iPhoneSimulator.ActiveCfg = Ad-Hoc|iPhoneSimulator
		{56DD7A97-281A-4D67-B3CE-885A978C3A4E}.Ad-Hoc|iPhoneSimulator.Build.0 = Ad-Hoc|iPhoneSimulator
		{56DD7A97-281A-4D67-B3CE-885A978C3A4E}.Ad-Hoc|x64.ActiveCfg = Ad-Hoc|iPhone
		{56DD7A97-281A-4D67-B3CE-885A978C3A4E}.Ad-Hoc|x86.ActiveCfg = Ad-Hoc|iPhone
		{56DD7A97-281A-4D67-B3CE-885A978C3A4E}.AppStore|Any CPU.ActiveCfg = AppStore|iPhone
		{56DD7A97-281A-4D67-B3CE-885A978C3A4E}.AppStore|ARM.ActiveCfg = AppStore|iPhone
		{56DD7A97-281A-4D67-B3CE-885A978C3A4E}.AppStore|iPhone.ActiveCfg = AppStore|iPhone
		{56DD7A97-281A-4D67-B3CE-885A978C3A4E}.AppStore|iPhone.Build.0 = AppStore|iPhone
		{56DD7A97-281A-4D67-B3CE-885A978C3A4E}.AppStore|iPhoneSimulator.ActiveCfg = AppStore|iPhoneSimulator
		{56DD7A97-281A-4D67-B3CE-885A978C3A4E}.AppStore|iPhoneSimulator.Build.0 = AppStore|iPhoneSimulator
		{56DD7A97-281A-4D67-B3CE-885A978C3A4E}.AppStore|x64.ActiveCfg = AppStore|iPhone
		{56DD7A97-281A-4D67-B3CE-885A978C3A4E}.AppStore|x86.ActiveCfg = AppStore|iPhone
		{56DD7A97-281A-4D67-B3CE-885A978C3A4E}.Debug|Any CPU.ActiveCfg = Debug|iPhone
		{56DD7A97-281A-4D67-B3CE-885A978C3A4E}.Debug|ARM.ActiveCfg = Debug|iPhone
		{56DD7A97-281A-4D67-B3CE-885A978C3A4E}.Debug|iPhone.ActiveCfg = Debug|iPhone
		{56DD7A97-281A-4D67-B3CE-885A978C3A4E}.Debug|iPhone.Build.0 = Debug|iPhone
		{56DD7A97-281A-4D67-B3CE-885A978C3A4E}.Debug|iPhoneSimulator.ActiveCfg = Debug|iPhoneSimulator
		{56DD7A97-281A-4D67-B3CE-885A978C3A4E}.Debug|iPhoneSimulator.Build.0 = Debug|iPhoneSimulator
		{56DD7A97-281A-4D67-B3CE-885A978C3A4E}.Debug|x64.ActiveCfg = Debug|iPhone
		{56DD7A97-281A-4D67-B3CE-885A978C3A4E}.Debug|x86.ActiveCfg = Debug|iPhone
		{56DD7A97-281A-4D67-B3CE-885A978C3A4E}.Release|Any CPU.ActiveCfg = Release|iPhone
		{56DD7A97-281A-4D67-B3CE-885A978C3A4E}.Release|ARM.ActiveCfg = Release|iPhone
		{56DD7A97-281A-4D67-B3CE-885A978C3A4E}.Release|iPhone.ActiveCfg = Release|iPhone
		{56DD7A97-281A-4D67-B3CE-885A978C3A4E}.Release|iPhone.Build.0 = Release|iPhone
		{56DD7A97-281A-4D67-B3CE-885A978C3A4E}.Release|iPhoneSimulator.ActiveCfg = Release|iPhoneSimulator
		{56DD7A97-281A-4D67-B3CE-885A978C3A4E}.Release|iPhoneSimulator.Build.0 = Release|iPhoneSimulator
		{56DD7A97-281A-4D67-B3CE-885A978C3A4E}.Release|x64.ActiveCfg = Release|iPhone
		{56DD7A97-281A-4D67-B3CE-885A978C3A4E}.Release|x86.ActiveCfg = Release|iPhone
		{C6F1DA05-9FB5-4FD0-B64B-40E064F98D82}.Ad-Hoc|Any CPU.ActiveCfg = Release|Any CPU
		{C6F1DA05-9FB5-4FD0-B64B-40E064F98D82}.Ad-Hoc|Any CPU.Build.0 = Release|Any CPU
		{C6F1DA05-9FB5-4FD0-B64B-40E064F98D82}.Ad-Hoc|Any CPU.Deploy.0 = Release|Any CPU
		{C6F1DA05-9FB5-4FD0-B64B-40E064F98D82}.Ad-Hoc|ARM.ActiveCfg = Release|ARM
		{C6F1DA05-9FB5-4FD0-B64B-40E064F98D82}.Ad-Hoc|ARM.Build.0 = Release|ARM
		{C6F1DA05-9FB5-4FD0-B64B-40E064F98D82}.Ad-Hoc|ARM.Deploy.0 = Release|ARM
		{C6F1DA05-9FB5-4FD0-B64B-40E064F98D82}.Ad-Hoc|iPhone.ActiveCfg = Release|Any CPU
		{C6F1DA05-9FB5-4FD0-B64B-40E064F98D82}.Ad-Hoc|iPhone.Build.0 = Release|Any CPU
		{C6F1DA05-9FB5-4FD0-B64B-40E064F98D82}.Ad-Hoc|iPhone.Deploy.0 = Release|Any CPU
		{C6F1DA05-9FB5-4FD0-B64B-40E064F98D82}.Ad-Hoc|iPhoneSimulator.ActiveCfg = Release|Any CPU
		{C6F1DA05-9FB5-4FD0-B64B-40E064F98D82}.Ad-Hoc|iPhoneSimulator.Build.0 = Release|Any CPU
		{C6F1DA05-9FB5-4FD0-B64B-40E064F98D82}.Ad-Hoc|iPhoneSimulator.Deploy.0 = Release|Any CPU
		{C6F1DA05-9FB5-4FD0-B64B-40E064F98D82}.Ad-Hoc|x64.ActiveCfg = Release|Any CPU
		{C6F1DA05-9FB5-4FD0-B64B-40E064F98D82}.Ad-Hoc|x64.Build.0 = Release|Any CPU
		{C6F1DA05-9FB5-4FD0-B64B-40E064F98D82}.Ad-Hoc|x64.Deploy.0 = Release|Any CPU
		{C6F1DA05-9FB5-4FD0-B64B-40E064F98D82}.Ad-Hoc|x86.ActiveCfg = Release|x86
		{C6F1DA05-9FB5-4FD0-B64B-40E064F98D82}.Ad-Hoc|x86.Build.0 = Release|x86
		{C6F1DA05-9FB5-4FD0-B64B-40E064F98D82}.Ad-Hoc|x86.Deploy.0 = Release|x86
		{C6F1DA05-9FB5-4FD0-B64B-40E064F98D82}.AppStore|Any CPU.ActiveCfg = Release|Any CPU
		{C6F1DA05-9FB5-4FD0-B64B-40E064F98D82}.AppStore|Any CPU.Build.0 = Release|Any CPU
		{C6F1DA05-9FB5-4FD0-B64B-40E064F98D82}.AppStore|Any CPU.Deploy.0 = Release|Any CPU
		{C6F1DA05-9FB5-4FD0-B64B-40E064F98D82}.AppStore|ARM.ActiveCfg = Release|ARM
		{C6F1DA05-9FB5-4FD0-B64B-40E064F98D82}.AppStore|ARM.Build.0 = Release|ARM
		{C6F1DA05-9FB5-4FD0-B64B-40E064F98D82}.AppStore|ARM.Deploy.0 = Release|ARM
		{C6F1DA05-9FB5-4FD0-B64B-40E064F98D82}.AppStore|iPhone.ActiveCfg = Release|Any CPU
		{C6F1DA05-9FB5-4FD0-B64B-40E064F98D82}.AppStore|iPhone.Build.0 = Release|Any CPU
		{C6F1DA05-9FB5-4FD0-B64B-40E064F98D82}.AppStore|iPhone.Deploy.0 = Release|Any CPU
		{C6F1DA05-9FB5-4FD0-B64B-40E064F98D82}.AppStore|iPhoneSimulator.ActiveCfg = Release|Any CPU
		{C6F1DA05-9FB5-4FD0-B64B-40E064F98D82}.AppStore|iPhoneSimulator.Build.0 = Release|Any CPU
		{C6F1DA05-9FB5-4FD0-B64B-40E064F98D82}.AppStore|iPhoneSimulator.Deploy.0 = Release|Any CPU
		{C6F1DA05-9FB5-4FD0-B64B-40E064F98D82}.AppStore|x64.ActiveCfg = Release|Any CPU
		{C6F1DA05-9FB5-4FD0-B64B-40E064F98D82}.AppStore|x64.Build.0 = Release|Any CPU
		{C6F1DA05-9FB5-4FD0-B64B-40E064F98D82}.AppStore|x64.Deploy.0 = Release|Any CPU
		{C6F1DA05-9FB5-4FD0-B64B-40E064F98D82}.AppStore|x86.ActiveCfg = Release|x86
		{C6F1DA05-9FB5-4FD0-B64B-40E064F98D82}.AppStore|x86.Build.0 = Release|x86
		{C6F1DA05-9FB5-4FD0-B64B-40E064F98D82}.AppStore|x86.Deploy.0 = Release|x86
		{C6F1DA05-9FB5-4FD0-B64B-40E064F98D82}.Debug|Any CPU.ActiveCfg = Debug|Any CPU
		{C6F1DA05-9FB5-4FD0-B64B-40E064F98D82}.Debug|Any CPU.Build.0 = Debug|Any CPU
		{C6F1DA05-9FB5-4FD0-B64B-40E064F98D82}.Debug|Any CPU.Deploy.0 = Debug|Any CPU
		{C6F1DA05-9FB5-4FD0-B64B-40E064F98D82}.Debug|ARM.ActiveCfg = Debug|ARM
		{C6F1DA05-9FB5-4FD0-B64B-40E064F98D82}.Debug|ARM.Build.0 = Debug|ARM
		{C6F1DA05-9FB5-4FD0-B64B-40E064F98D82}.Debug|ARM.Deploy.0 = Debug|ARM
		{C6F1DA05-9FB5-4FD0-B64B-40E064F98D82}.Debug|iPhone.ActiveCfg = Debug|Any CPU
		{C6F1DA05-9FB5-4FD0-B64B-40E064F98D82}.Debug|iPhone.Build.0 = Debug|Any CPU
		{C6F1DA05-9FB5-4FD0-B64B-40E064F98D82}.Debug|iPhone.Deploy.0 = Debug|Any CPU
		{C6F1DA05-9FB5-4FD0-B64B-40E064F98D82}.Debug|iPhoneSimulator.ActiveCfg = Debug|Any CPU
		{C6F1DA05-9FB5-4FD0-B64B-40E064F98D82}.Debug|iPhoneSimulator.Build.0 = Debug|Any CPU
		{C6F1DA05-9FB5-4FD0-B64B-40E064F98D82}.Debug|iPhoneSimulator.Deploy.0 = Debug|Any CPU
		{C6F1DA05-9FB5-4FD0-B64B-40E064F98D82}.Debug|x64.ActiveCfg = Debug|Any CPU
		{C6F1DA05-9FB5-4FD0-B64B-40E064F98D82}.Debug|x64.Build.0 = Debug|Any CPU
		{C6F1DA05-9FB5-4FD0-B64B-40E064F98D82}.Debug|x64.Deploy.0 = Debug|Any CPU
		{C6F1DA05-9FB5-4FD0-B64B-40E064F98D82}.Debug|x86.ActiveCfg = Debug|x86
		{C6F1DA05-9FB5-4FD0-B64B-40E064F98D82}.Debug|x86.Build.0 = Debug|x86
		{C6F1DA05-9FB5-4FD0-B64B-40E064F98D82}.Debug|x86.Deploy.0 = Debug|x86
		{C6F1DA05-9FB5-4FD0-B64B-40E064F98D82}.Release|Any CPU.ActiveCfg = Release|Any CPU
		{C6F1DA05-9FB5-4FD0-B64B-40E064F98D82}.Release|Any CPU.Build.0 = Release|Any CPU
		{C6F1DA05-9FB5-4FD0-B64B-40E064F98D82}.Release|Any CPU.Deploy.0 = Release|Any CPU
		{C6F1DA05-9FB5-4FD0-B64B-40E064F98D82}.Release|ARM.ActiveCfg = Release|ARM
		{C6F1DA05-9FB5-4FD0-B64B-40E064F98D82}.Release|ARM.Build.0 = Release|ARM
		{C6F1DA05-9FB5-4FD0-B64B-40E064F98D82}.Release|ARM.Deploy.0 = Release|ARM
		{C6F1DA05-9FB5-4FD0-B64B-40E064F98D82}.Release|iPhone.ActiveCfg = Release|Any CPU
		{C6F1DA05-9FB5-4FD0-B64B-40E064F98D82}.Release|iPhone.Build.0 = Release|Any CPU
		{C6F1DA05-9FB5-4FD0-B64B-40E064F98D82}.Release|iPhone.Deploy.0 = Release|Any CPU
		{C6F1DA05-9FB5-4FD0-B64B-40E064F98D82}.Release|iPhoneSimulator.ActiveCfg = Release|Any CPU
		{C6F1DA05-9FB5-4FD0-B64B-40E064F98D82}.Release|iPhoneSimulator.Build.0 = Release|Any CPU
		{C6F1DA05-9FB5-4FD0-B64B-40E064F98D82}.Release|iPhoneSimulator.Deploy.0 = Release|Any CPU
		{C6F1DA05-9FB5-4FD0-B64B-40E064F98D82}.Release|x64.ActiveCfg = Release|Any CPU
		{C6F1DA05-9FB5-4FD0-B64B-40E064F98D82}.Release|x64.Build.0 = Release|Any CPU
		{C6F1DA05-9FB5-4FD0-B64B-40E064F98D82}.Release|x64.Deploy.0 = Release|Any CPU
		{C6F1DA05-9FB5-4FD0-B64B-40E064F98D82}.Release|x86.ActiveCfg = Release|x86
		{C6F1DA05-9FB5-4FD0-B64B-40E064F98D82}.Release|x86.Build.0 = Release|x86
		{C6F1DA05-9FB5-4FD0-B64B-40E064F98D82}.Release|x86.Deploy.0 = Release|x86
		{F30ACE9B-37A8-4347-BD55-7F205AFD5C9F}.Ad-Hoc|Any CPU.ActiveCfg = Release|x86
		{F30ACE9B-37A8-4347-BD55-7F205AFD5C9F}.Ad-Hoc|Any CPU.Build.0 = Release|x86
		{F30ACE9B-37A8-4347-BD55-7F205AFD5C9F}.Ad-Hoc|Any CPU.Deploy.0 = Release|x86
		{F30ACE9B-37A8-4347-BD55-7F205AFD5C9F}.Ad-Hoc|ARM.ActiveCfg = Release|ARM
		{F30ACE9B-37A8-4347-BD55-7F205AFD5C9F}.Ad-Hoc|ARM.Build.0 = Release|ARM
		{F30ACE9B-37A8-4347-BD55-7F205AFD5C9F}.Ad-Hoc|ARM.Deploy.0 = Release|ARM
		{F30ACE9B-37A8-4347-BD55-7F205AFD5C9F}.Ad-Hoc|iPhone.ActiveCfg = Release|x86
		{F30ACE9B-37A8-4347-BD55-7F205AFD5C9F}.Ad-Hoc|iPhone.Build.0 = Release|x86
		{F30ACE9B-37A8-4347-BD55-7F205AFD5C9F}.Ad-Hoc|iPhone.Deploy.0 = Release|x86
		{F30ACE9B-37A8-4347-BD55-7F205AFD5C9F}.Ad-Hoc|iPhoneSimulator.ActiveCfg = Release|x86
		{F30ACE9B-37A8-4347-BD55-7F205AFD5C9F}.Ad-Hoc|iPhoneSimulator.Build.0 = Release|x86
		{F30ACE9B-37A8-4347-BD55-7F205AFD5C9F}.Ad-Hoc|iPhoneSimulator.Deploy.0 = Release|x86
		{F30ACE9B-37A8-4347-BD55-7F205AFD5C9F}.Ad-Hoc|x64.ActiveCfg = Release|x64
		{F30ACE9B-37A8-4347-BD55-7F205AFD5C9F}.Ad-Hoc|x64.Build.0 = Release|x64
		{F30ACE9B-37A8-4347-BD55-7F205AFD5C9F}.Ad-Hoc|x64.Deploy.0 = Release|x64
		{F30ACE9B-37A8-4347-BD55-7F205AFD5C9F}.Ad-Hoc|x86.ActiveCfg = Release|x86
		{F30ACE9B-37A8-4347-BD55-7F205AFD5C9F}.Ad-Hoc|x86.Build.0 = Release|x86
		{F30ACE9B-37A8-4347-BD55-7F205AFD5C9F}.Ad-Hoc|x86.Deploy.0 = Release|x86
		{F30ACE9B-37A8-4347-BD55-7F205AFD5C9F}.AppStore|Any CPU.ActiveCfg = Release|x86
		{F30ACE9B-37A8-4347-BD55-7F205AFD5C9F}.AppStore|Any CPU.Build.0 = Release|x86
		{F30ACE9B-37A8-4347-BD55-7F205AFD5C9F}.AppStore|Any CPU.Deploy.0 = Release|x86
		{F30ACE9B-37A8-4347-BD55-7F205AFD5C9F}.AppStore|ARM.ActiveCfg = Release|ARM
		{F30ACE9B-37A8-4347-BD55-7F205AFD5C9F}.AppStore|ARM.Build.0 = Release|ARM
		{F30ACE9B-37A8-4347-BD55-7F205AFD5C9F}.AppStore|ARM.Deploy.0 = Release|ARM
		{F30ACE9B-37A8-4347-BD55-7F205AFD5C9F}.AppStore|iPhone.ActiveCfg = Release|x86
		{F30ACE9B-37A8-4347-BD55-7F205AFD5C9F}.AppStore|iPhone.Build.0 = Release|x86
		{F30ACE9B-37A8-4347-BD55-7F205AFD5C9F}.AppStore|iPhone.Deploy.0 = Release|x86
		{F30ACE9B-37A8-4347-BD55-7F205AFD5C9F}.AppStore|iPhoneSimulator.ActiveCfg = Release|x86
		{F30ACE9B-37A8-4347-BD55-7F205AFD5C9F}.AppStore|iPhoneSimulator.Build.0 = Release|x86
		{F30ACE9B-37A8-4347-BD55-7F205AFD5C9F}.AppStore|iPhoneSimulator.Deploy.0 = Release|x86
		{F30ACE9B-37A8-4347-BD55-7F205AFD5C9F}.AppStore|x64.ActiveCfg = Release|x64
		{F30ACE9B-37A8-4347-BD55-7F205AFD5C9F}.AppStore|x64.Build.0 = Release|x64
		{F30ACE9B-37A8-4347-BD55-7F205AFD5C9F}.AppStore|x64.Deploy.0 = Release|x64
		{F30ACE9B-37A8-4347-BD55-7F205AFD5C9F}.AppStore|x86.ActiveCfg = Release|x86
		{F30ACE9B-37A8-4347-BD55-7F205AFD5C9F}.AppStore|x86.Build.0 = Release|x86
		{F30ACE9B-37A8-4347-BD55-7F205AFD5C9F}.AppStore|x86.Deploy.0 = Release|x86
		{F30ACE9B-37A8-4347-BD55-7F205AFD5C9F}.Debug|Any CPU.ActiveCfg = Debug|x86
		{F30ACE9B-37A8-4347-BD55-7F205AFD5C9F}.Debug|ARM.ActiveCfg = Debug|ARM
		{F30ACE9B-37A8-4347-BD55-7F205AFD5C9F}.Debug|ARM.Build.0 = Debug|ARM
		{F30ACE9B-37A8-4347-BD55-7F205AFD5C9F}.Debug|ARM.Deploy.0 = Debug|ARM
		{F30ACE9B-37A8-4347-BD55-7F205AFD5C9F}.Debug|iPhone.ActiveCfg = Debug|x86
		{F30ACE9B-37A8-4347-BD55-7F205AFD5C9F}.Debug|iPhoneSimulator.ActiveCfg = Debug|x86
		{F30ACE9B-37A8-4347-BD55-7F205AFD5C9F}.Debug|x64.ActiveCfg = Debug|x64
		{F30ACE9B-37A8-4347-BD55-7F205AFD5C9F}.Debug|x64.Build.0 = Debug|x64
		{F30ACE9B-37A8-4347-BD55-7F205AFD5C9F}.Debug|x64.Deploy.0 = Debug|x64
		{F30ACE9B-37A8-4347-BD55-7F205AFD5C9F}.Debug|x86.ActiveCfg = Debug|x86
		{F30ACE9B-37A8-4347-BD55-7F205AFD5C9F}.Debug|x86.Build.0 = Debug|x86
		{F30ACE9B-37A8-4347-BD55-7F205AFD5C9F}.Debug|x86.Deploy.0 = Debug|x86
		{F30ACE9B-37A8-4347-BD55-7F205AFD5C9F}.Release|Any CPU.ActiveCfg = Release|x86
		{F30ACE9B-37A8-4347-BD55-7F205AFD5C9F}.Release|ARM.ActiveCfg = Release|ARM
		{F30ACE9B-37A8-4347-BD55-7F205AFD5C9F}.Release|ARM.Build.0 = Release|ARM
		{F30ACE9B-37A8-4347-BD55-7F205AFD5C9F}.Release|ARM.Deploy.0 = Release|ARM
		{F30ACE9B-37A8-4347-BD55-7F205AFD5C9F}.Release|iPhone.ActiveCfg = Release|x86
		{F30ACE9B-37A8-4347-BD55-7F205AFD5C9F}.Release|iPhoneSimulator.ActiveCfg = Release|x86
		{F30ACE9B-37A8-4347-BD55-7F205AFD5C9F}.Release|x64.ActiveCfg = Release|x64
		{F30ACE9B-37A8-4347-BD55-7F205AFD5C9F}.Release|x64.Build.0 = Release|x64
		{F30ACE9B-37A8-4347-BD55-7F205AFD5C9F}.Release|x64.Deploy.0 = Release|x64
		{F30ACE9B-37A8-4347-BD55-7F205AFD5C9F}.Release|x86.ActiveCfg = Release|x86
		{F30ACE9B-37A8-4347-BD55-7F205AFD5C9F}.Release|x86.Build.0 = Release|x86
		{F30ACE9B-37A8-4347-BD55-7F205AFD5C9F}.Release|x86.Deploy.0 = Release|x86
		{4354FCC7-F745-4A6F-97F1-C7F90E84B43B}.Ad-Hoc|Any CPU.ActiveCfg = Release|Any CPU
		{4354FCC7-F745-4A6F-97F1-C7F90E84B43B}.Ad-Hoc|Any CPU.Build.0 = Release|Any CPU
		{4354FCC7-F745-4A6F-97F1-C7F90E84B43B}.Ad-Hoc|Any CPU.Deploy.0 = Release|Any CPU
		{4354FCC7-F745-4A6F-97F1-C7F90E84B43B}.Ad-Hoc|ARM.ActiveCfg = Release|ARM
		{4354FCC7-F745-4A6F-97F1-C7F90E84B43B}.Ad-Hoc|ARM.Build.0 = Release|ARM
		{4354FCC7-F745-4A6F-97F1-C7F90E84B43B}.Ad-Hoc|ARM.Deploy.0 = Release|ARM
		{4354FCC7-F745-4A6F-97F1-C7F90E84B43B}.Ad-Hoc|iPhone.ActiveCfg = Release|Any CPU
		{4354FCC7-F745-4A6F-97F1-C7F90E84B43B}.Ad-Hoc|iPhone.Build.0 = Release|Any CPU
		{4354FCC7-F745-4A6F-97F1-C7F90E84B43B}.Ad-Hoc|iPhone.Deploy.0 = Release|Any CPU
		{4354FCC7-F745-4A6F-97F1-C7F90E84B43B}.Ad-Hoc|iPhoneSimulator.ActiveCfg = Release|Any CPU
		{4354FCC7-F745-4A6F-97F1-C7F90E84B43B}.Ad-Hoc|iPhoneSimulator.Build.0 = Release|Any CPU
		{4354FCC7-F745-4A6F-97F1-C7F90E84B43B}.Ad-Hoc|iPhoneSimulator.Deploy.0 = Release|Any CPU
		{4354FCC7-F745-4A6F-97F1-C7F90E84B43B}.Ad-Hoc|x64.ActiveCfg = Release|x64
		{4354FCC7-F745-4A6F-97F1-C7F90E84B43B}.Ad-Hoc|x64.Build.0 = Release|x64
		{4354FCC7-F745-4A6F-97F1-C7F90E84B43B}.Ad-Hoc|x64.Deploy.0 = Release|x64
		{4354FCC7-F745-4A6F-97F1-C7F90E84B43B}.Ad-Hoc|x86.ActiveCfg = Release|x86
		{4354FCC7-F745-4A6F-97F1-C7F90E84B43B}.Ad-Hoc|x86.Build.0 = Release|x86
		{4354FCC7-F745-4A6F-97F1-C7F90E84B43B}.Ad-Hoc|x86.Deploy.0 = Release|x86
		{4354FCC7-F745-4A6F-97F1-C7F90E84B43B}.AppStore|Any CPU.ActiveCfg = Release|Any CPU
		{4354FCC7-F745-4A6F-97F1-C7F90E84B43B}.AppStore|Any CPU.Build.0 = Release|Any CPU
		{4354FCC7-F745-4A6F-97F1-C7F90E84B43B}.AppStore|Any CPU.Deploy.0 = Release|Any CPU
		{4354FCC7-F745-4A6F-97F1-C7F90E84B43B}.AppStore|ARM.ActiveCfg = Release|ARM
		{4354FCC7-F745-4A6F-97F1-C7F90E84B43B}.AppStore|ARM.Build.0 = Release|ARM
		{4354FCC7-F745-4A6F-97F1-C7F90E84B43B}.AppStore|ARM.Deploy.0 = Release|ARM
		{4354FCC7-F745-4A6F-97F1-C7F90E84B43B}.AppStore|iPhone.ActiveCfg = Release|Any CPU
		{4354FCC7-F745-4A6F-97F1-C7F90E84B43B}.AppStore|iPhone.Build.0 = Release|Any CPU
		{4354FCC7-F745-4A6F-97F1-C7F90E84B43B}.AppStore|iPhone.Deploy.0 = Release|Any CPU
		{4354FCC7-F745-4A6F-97F1-C7F90E84B43B}.AppStore|iPhoneSimulator.ActiveCfg = Release|Any CPU
		{4354FCC7-F745-4A6F-97F1-C7F90E84B43B}.AppStore|iPhoneSimulator.Build.0 = Release|Any CPU
		{4354FCC7-F745-4A6F-97F1-C7F90E84B43B}.AppStore|iPhoneSimulator.Deploy.0 = Release|Any CPU
		{4354FCC7-F745-4A6F-97F1-C7F90E84B43B}.AppStore|x64.ActiveCfg = Release|x64
		{4354FCC7-F745-4A6F-97F1-C7F90E84B43B}.AppStore|x64.Build.0 = Release|x64
		{4354FCC7-F745-4A6F-97F1-C7F90E84B43B}.AppStore|x64.Deploy.0 = Release|x64
		{4354FCC7-F745-4A6F-97F1-C7F90E84B43B}.AppStore|x86.ActiveCfg = Release|x86
		{4354FCC7-F745-4A6F-97F1-C7F90E84B43B}.AppStore|x86.Build.0 = Release|x86
		{4354FCC7-F745-4A6F-97F1-C7F90E84B43B}.AppStore|x86.Deploy.0 = Release|x86
		{4354FCC7-F745-4A6F-97F1-C7F90E84B43B}.Debug|Any CPU.ActiveCfg = Debug|Any CPU
		{4354FCC7-F745-4A6F-97F1-C7F90E84B43B}.Debug|Any CPU.Build.0 = Debug|Any CPU
		{4354FCC7-F745-4A6F-97F1-C7F90E84B43B}.Debug|Any CPU.Deploy.0 = Debug|Any CPU
		{4354FCC7-F745-4A6F-97F1-C7F90E84B43B}.Debug|ARM.ActiveCfg = Debug|ARM
		{4354FCC7-F745-4A6F-97F1-C7F90E84B43B}.Debug|ARM.Build.0 = Debug|ARM
		{4354FCC7-F745-4A6F-97F1-C7F90E84B43B}.Debug|ARM.Deploy.0 = Debug|ARM
		{4354FCC7-F745-4A6F-97F1-C7F90E84B43B}.Debug|iPhone.ActiveCfg = Debug|Any CPU
		{4354FCC7-F745-4A6F-97F1-C7F90E84B43B}.Debug|iPhone.Build.0 = Debug|Any CPU
		{4354FCC7-F745-4A6F-97F1-C7F90E84B43B}.Debug|iPhone.Deploy.0 = Debug|Any CPU
		{4354FCC7-F745-4A6F-97F1-C7F90E84B43B}.Debug|iPhoneSimulator.ActiveCfg = Debug|Any CPU
		{4354FCC7-F745-4A6F-97F1-C7F90E84B43B}.Debug|iPhoneSimulator.Build.0 = Debug|Any CPU
		{4354FCC7-F745-4A6F-97F1-C7F90E84B43B}.Debug|iPhoneSimulator.Deploy.0 = Debug|Any CPU
		{4354FCC7-F745-4A6F-97F1-C7F90E84B43B}.Debug|x64.ActiveCfg = Debug|x64
		{4354FCC7-F745-4A6F-97F1-C7F90E84B43B}.Debug|x64.Build.0 = Debug|x64
		{4354FCC7-F745-4A6F-97F1-C7F90E84B43B}.Debug|x64.Deploy.0 = Debug|x64
		{4354FCC7-F745-4A6F-97F1-C7F90E84B43B}.Debug|x86.ActiveCfg = Debug|x86
		{4354FCC7-F745-4A6F-97F1-C7F90E84B43B}.Debug|x86.Build.0 = Debug|x86
		{4354FCC7-F745-4A6F-97F1-C7F90E84B43B}.Debug|x86.Deploy.0 = Debug|x86
		{4354FCC7-F745-4A6F-97F1-C7F90E84B43B}.Release|Any CPU.ActiveCfg = Release|Any CPU
		{4354FCC7-F745-4A6F-97F1-C7F90E84B43B}.Release|Any CPU.Build.0 = Release|Any CPU
		{4354FCC7-F745-4A6F-97F1-C7F90E84B43B}.Release|Any CPU.Deploy.0 = Release|Any CPU
		{4354FCC7-F745-4A6F-97F1-C7F90E84B43B}.Release|ARM.ActiveCfg = Release|ARM
		{4354FCC7-F745-4A6F-97F1-C7F90E84B43B}.Release|ARM.Build.0 = Release|ARM
		{4354FCC7-F745-4A6F-97F1-C7F90E84B43B}.Release|ARM.Deploy.0 = Release|ARM
		{4354FCC7-F745-4A6F-97F1-C7F90E84B43B}.Release|iPhone.ActiveCfg = Release|Any CPU
		{4354FCC7-F745-4A6F-97F1-C7F90E84B43B}.Release|iPhone.Build.0 = Release|Any CPU
		{4354FCC7-F745-4A6F-97F1-C7F90E84B43B}.Release|iPhone.Deploy.0 = Release|Any CPU
		{4354FCC7-F745-4A6F-97F1-C7F90E84B43B}.Release|iPhoneSimulator.ActiveCfg = Release|Any CPU
		{4354FCC7-F745-4A6F-97F1-C7F90E84B43B}.Release|iPhoneSimulator.Build.0 = Release|Any CPU
		{4354FCC7-F745-4A6F-97F1-C7F90E84B43B}.Release|iPhoneSimulator.Deploy.0 = Release|Any CPU
		{4354FCC7-F745-4A6F-97F1-C7F90E84B43B}.Release|x64.ActiveCfg = Release|x64
		{4354FCC7-F745-4A6F-97F1-C7F90E84B43B}.Release|x64.Build.0 = Release|x64
		{4354FCC7-F745-4A6F-97F1-C7F90E84B43B}.Release|x64.Deploy.0 = Release|x64
		{4354FCC7-F745-4A6F-97F1-C7F90E84B43B}.Release|x86.ActiveCfg = Release|x86
		{4354FCC7-F745-4A6F-97F1-C7F90E84B43B}.Release|x86.Build.0 = Release|x86
		{4354FCC7-F745-4A6F-97F1-C7F90E84B43B}.Release|x86.Deploy.0 = Release|x86
		{23C9A32B-A6AF-46BA-AA50-A455F02E8A4B}.Ad-Hoc|Any CPU.ActiveCfg = Release|Any CPU
		{23C9A32B-A6AF-46BA-AA50-A455F02E8A4B}.Ad-Hoc|Any CPU.Build.0 = Release|Any CPU
		{23C9A32B-A6AF-46BA-AA50-A455F02E8A4B}.Ad-Hoc|ARM.ActiveCfg = Release|Any CPU
		{23C9A32B-A6AF-46BA-AA50-A455F02E8A4B}.Ad-Hoc|ARM.Build.0 = Release|Any CPU
		{23C9A32B-A6AF-46BA-AA50-A455F02E8A4B}.Ad-Hoc|iPhone.ActiveCfg = Release|Any CPU
		{23C9A32B-A6AF-46BA-AA50-A455F02E8A4B}.Ad-Hoc|iPhone.Build.0 = Release|Any CPU
		{23C9A32B-A6AF-46BA-AA50-A455F02E8A4B}.Ad-Hoc|iPhoneSimulator.ActiveCfg = Release|Any CPU
		{23C9A32B-A6AF-46BA-AA50-A455F02E8A4B}.Ad-Hoc|iPhoneSimulator.Build.0 = Release|Any CPU
		{23C9A32B-A6AF-46BA-AA50-A455F02E8A4B}.Ad-Hoc|x64.ActiveCfg = Release|Any CPU
		{23C9A32B-A6AF-46BA-AA50-A455F02E8A4B}.Ad-Hoc|x64.Build.0 = Release|Any CPU
		{23C9A32B-A6AF-46BA-AA50-A455F02E8A4B}.Ad-Hoc|x86.ActiveCfg = Release|Any CPU
		{23C9A32B-A6AF-46BA-AA50-A455F02E8A4B}.Ad-Hoc|x86.Build.0 = Release|Any CPU
		{23C9A32B-A6AF-46BA-AA50-A455F02E8A4B}.AppStore|Any CPU.ActiveCfg = Release|Any CPU
		{23C9A32B-A6AF-46BA-AA50-A455F02E8A4B}.AppStore|Any CPU.Build.0 = Release|Any CPU
		{23C9A32B-A6AF-46BA-AA50-A455F02E8A4B}.AppStore|ARM.ActiveCfg = Release|Any CPU
		{23C9A32B-A6AF-46BA-AA50-A455F02E8A4B}.AppStore|ARM.Build.0 = Release|Any CPU
		{23C9A32B-A6AF-46BA-AA50-A455F02E8A4B}.AppStore|iPhone.ActiveCfg = Release|Any CPU
		{23C9A32B-A6AF-46BA-AA50-A455F02E8A4B}.AppStore|iPhone.Build.0 = Release|Any CPU
		{23C9A32B-A6AF-46BA-AA50-A455F02E8A4B}.AppStore|iPhoneSimulator.ActiveCfg = Release|Any CPU
		{23C9A32B-A6AF-46BA-AA50-A455F02E8A4B}.AppStore|iPhoneSimulator.Build.0 = Release|Any CPU
		{23C9A32B-A6AF-46BA-AA50-A455F02E8A4B}.AppStore|x64.ActiveCfg = Release|Any CPU
		{23C9A32B-A6AF-46BA-AA50-A455F02E8A4B}.AppStore|x64.Build.0 = Release|Any CPU
		{23C9A32B-A6AF-46BA-AA50-A455F02E8A4B}.AppStore|x86.ActiveCfg = Release|Any CPU
		{23C9A32B-A6AF-46BA-AA50-A455F02E8A4B}.AppStore|x86.Build.0 = Release|Any CPU
		{23C9A32B-A6AF-46BA-AA50-A455F02E8A4B}.Debug|Any CPU.ActiveCfg = Debug|Any CPU
		{23C9A32B-A6AF-46BA-AA50-A455F02E8A4B}.Debug|Any CPU.Build.0 = Debug|Any CPU
		{23C9A32B-A6AF-46BA-AA50-A455F02E8A4B}.Debug|ARM.ActiveCfg = Debug|Any CPU
		{23C9A32B-A6AF-46BA-AA50-A455F02E8A4B}.Debug|ARM.Build.0 = Debug|Any CPU
		{23C9A32B-A6AF-46BA-AA50-A455F02E8A4B}.Debug|iPhone.ActiveCfg = Debug|Any CPU
		{23C9A32B-A6AF-46BA-AA50-A455F02E8A4B}.Debug|iPhone.Build.0 = Debug|Any CPU
		{23C9A32B-A6AF-46BA-AA50-A455F02E8A4B}.Debug|iPhoneSimulator.ActiveCfg = Debug|Any CPU
		{23C9A32B-A6AF-46BA-AA50-A455F02E8A4B}.Debug|iPhoneSimulator.Build.0 = Debug|Any CPU
		{23C9A32B-A6AF-46BA-AA50-A455F02E8A4B}.Debug|x64.ActiveCfg = Debug|Any CPU
		{23C9A32B-A6AF-46BA-AA50-A455F02E8A4B}.Debug|x64.Build.0 = Debug|Any CPU
		{23C9A32B-A6AF-46BA-AA50-A455F02E8A4B}.Debug|x86.ActiveCfg = Debug|Any CPU
		{23C9A32B-A6AF-46BA-AA50-A455F02E8A4B}.Debug|x86.Build.0 = Debug|Any CPU
		{23C9A32B-A6AF-46BA-AA50-A455F02E8A4B}.Release|Any CPU.ActiveCfg = Release|Any CPU
		{23C9A32B-A6AF-46BA-AA50-A455F02E8A4B}.Release|Any CPU.Build.0 = Release|Any CPU
		{23C9A32B-A6AF-46BA-AA50-A455F02E8A4B}.Release|ARM.ActiveCfg = Release|Any CPU
		{23C9A32B-A6AF-46BA-AA50-A455F02E8A4B}.Release|ARM.Build.0 = Release|Any CPU
		{23C9A32B-A6AF-46BA-AA50-A455F02E8A4B}.Release|iPhone.ActiveCfg = Release|Any CPU
		{23C9A32B-A6AF-46BA-AA50-A455F02E8A4B}.Release|iPhone.Build.0 = Release|Any CPU
		{23C9A32B-A6AF-46BA-AA50-A455F02E8A4B}.Release|iPhoneSimulator.ActiveCfg = Release|Any CPU
		{23C9A32B-A6AF-46BA-AA50-A455F02E8A4B}.Release|iPhoneSimulator.Build.0 = Release|Any CPU
		{23C9A32B-A6AF-46BA-AA50-A455F02E8A4B}.Release|x64.ActiveCfg = Release|Any CPU
		{23C9A32B-A6AF-46BA-AA50-A455F02E8A4B}.Release|x64.Build.0 = Release|Any CPU
		{23C9A32B-A6AF-46BA-AA50-A455F02E8A4B}.Release|x86.ActiveCfg = Release|Any CPU
		{23C9A32B-A6AF-46BA-AA50-A455F02E8A4B}.Release|x86.Build.0 = Release|Any CPU
	EndGlobalSection
	GlobalSection(SolutionProperties) = preSolution
		HideSolutionNode = FALSE
	EndGlobalSection
EndGlobal
